{
  "name": "rancher-viewer",
  "version": "1.0.0",
  "lockfileVersion": 1,
  "requires": true,
  "dependencies": {
    "lodash": {
      "version": "4.17.4",
      "resolved": "https://registry.npmjs.org/lodash/-/lodash-4.17.4.tgz",
      "integrity": "sha1-eCA6TRwyiuHYbcpkYONptX9AVa4="
    },
    "vue-lodash": {
      "version": "1.0.4",
      "resolved": "https://registry.npmjs.org/vue-lodash/-/vue-lodash-1.0.4.tgz",
      "integrity": "sha1-mfTy9YMs4BaMTUVhh4koimOFYs0="
    }
  }
}
